
Microsoft Visual Studio Solution File, Format Version 12.00
# Visual Studio Version 16
VisualStudioVersion = 16.0.32510.428
MinimumVisualStudioVersion = 10.0.40219.1
Project("{8BC9CEB8-8B4A-11D0-8D11-00A0C91BC942}") = "FirstMFC", "FirstMFC\FirstMFC.vcxproj", "{F788B279-ED95-464E-9A4D-98B45E4E041A}"
EndProject
Project("{8BC9CEB8-8B4A-11D0-8D11-00A0C91BC942}") = "SecondMFC", "FirstMFC\SecondMFC\SecondMFC.vcxproj", "{BCF399CF-DD67-4CFA-BF03-BBCAC9ABD33A}"
EndProject
Global
	GlobalSection(SolutionConfigurationPlatforms) = preSolution
		Debug|x64 = Debug|x64
		Debug|x86 = Debug|x86
		Release|x64 = Release|x64
		Release|x86 = Release|x86
	EndGlobalSection
	GlobalSection(ProjectConfigurationPlatforms) = postSolution
		{F788B279-ED95-464E-9A4D-98B45E4E041A}.Debug|x64.ActiveCfg = Debug|x64
		{F788B279-ED95-464E-9A4D-98B45E4E041A}.Debug|x64.Build.0 = Debug|x64
		{F788B279-ED95-464E-9A4D-98B45E4E041A}.Debug|x86.ActiveCfg = Debug|Win32
		{F788B279-ED95-464E-9A4D-98B45E4E041A}.Debug|x86.Build.0 = Debug|Win32
		{F788B279-ED95-464E-9A4D-98B45E4E041A}.Release|x64.ActiveCfg = Release|x64
		{F788B279-ED95-464E-9A4D-98B45E4E041A}.Release|x64.Build.0 = Release|x64
		{F788B279-ED95-464E-9A4D-98B45E4E041A}.Release|x86.ActiveCfg = Release|Win32
		{F788B279-ED95-464E-9A4D-98B45E4E041A}.Release|x86.Build.0 = Release|Win32
		{BCF399CF-DD67-4CFA-BF03-BBCAC9ABD33A}.Debug|x64.ActiveCfg = Debug|x64
		{BCF399CF-DD67-4CFA-BF03-BBCAC9ABD33A}.Debug|x64.Build.0 = Debug|x64
		{BCF399CF-DD67-4CFA-BF03-BBCAC9ABD33A}.Debug|x86.ActiveCfg = Debug|Win32
		{BCF399CF-DD67-4CFA-BF03-BBCAC9ABD33A}.Debug|x86.Build.0 = Debug|Win32
		{BCF399CF-DD67-4CFA-BF03-BBCAC9ABD33A}.Release|x64.ActiveCfg = Release|x64
		{BCF399CF-DD67-4CFA-BF03-BBCAC9ABD33A}.Release|x64.Build.0 = Release|x64
		{BCF399CF-DD67-4CFA-BF03-BBCAC9ABD33A}.Release|x86.ActiveCfg = Release|Win32
		{BCF399CF-DD67-4CFA-BF03-BBCAC9ABD33A}.Release|x86.Build.0 = Release|Win32
	EndGlobalSection
	GlobalSection(SolutionProperties) = preSolution
		HideSolutionNode = FALSE
	EndGlobalSection
	GlobalSection(ExtensibilityGlobals) = postSolution
		SolutionGuid = {47CDC712-B076-467B-B314-4F32D04ED3E0}
	EndGlobalSection
EndGlobal
