
Microsoft Visual Studio Solution File, Format Version 12.00
# Visual Studio Version 16
VisualStudioVersion = 16.0.32413.511
MinimumVisualStudioVersion = 10.0.40219.1
Project("{8BC9CEB8-8B4A-11D0-8D11-00A0C91BC942}") = "SocketServer", "Src\SocketServer\SocketServer.vcxproj", "{0D95FBC3-5FDA-40D1-8B8E-E57AFA27213E}"
EndProject
Project("{8BC9CEB8-8B4A-11D0-8D11-00A0C91BC942}") = "SocketClient", "Src\SocketClient\SocketClient.vcxproj", "{CA4E57F3-4C5B-487F-A726-2C77E568E43F}"
EndProject
Project("{8BC9CEB8-8B4A-11D0-8D11-00A0C91BC942}") = "_Client", "Src\_Client\Client.vcxproj", "{042652C3-9C48-4FF5-9DD2-694F10D37C61}"
EndProject
Project("{8BC9CEB8-8B4A-11D0-8D11-00A0C91BC942}") = "_Server", "Src\_Server\_Server.vcxproj", "{23C372BC-45A2-4165-AFAD-3DC3270F51DA}"
EndProject
Project("{8BC9CEB8-8B4A-11D0-8D11-00A0C91BC942}") = "Tester", "Src\Tester\Tester.vcxproj", "{DDC9EC63-C396-4859-B3F3-AFA78104D0D5}"
EndProject
Project("{8BC9CEB8-8B4A-11D0-8D11-00A0C91BC942}") = "MultiLanguage", "Src\MultiLanguage\MultiLanguage.vcxproj", "{825B17E8-3FD9-4430-9EBF-1F3D0FE1865E}"
EndProject
Project("{8BC9CEB8-8B4A-11D0-8D11-00A0C91BC942}") = "Packet", "Src\Packet\Packet.vcxproj", "{5366E04F-09BE-423F-A05F-E0E767AC5660}"
EndProject
Project("{8BC9CEB8-8B4A-11D0-8D11-00A0C91BC942}") = "ConnectionTester", "Src\ConnectionTester\ConnectionTester.vcxproj", "{95D11036-D3E9-4AAA-ADD9-A14C4E2828E1}"
EndProject
Global
	GlobalSection(SolutionConfigurationPlatforms) = preSolution
		Debug|x64 = Debug|x64
		Debug|x86 = Debug|x86
		Release|x64 = Release|x64
		Release|x86 = Release|x86
	EndGlobalSection
	GlobalSection(ProjectConfigurationPlatforms) = postSolution
		{0D95FBC3-5FDA-40D1-8B8E-E57AFA27213E}.Debug|x64.ActiveCfg = Debug|x64
		{0D95FBC3-5FDA-40D1-8B8E-E57AFA27213E}.Debug|x64.Build.0 = Debug|x64
		{0D95FBC3-5FDA-40D1-8B8E-E57AFA27213E}.Debug|x86.ActiveCfg = Debug|Win32
		{0D95FBC3-5FDA-40D1-8B8E-E57AFA27213E}.Debug|x86.Build.0 = Debug|Win32
		{0D95FBC3-5FDA-40D1-8B8E-E57AFA27213E}.Release|x64.ActiveCfg = Release|x64
		{0D95FBC3-5FDA-40D1-8B8E-E57AFA27213E}.Release|x64.Build.0 = Release|x64
		{0D95FBC3-5FDA-40D1-8B8E-E57AFA27213E}.Release|x86.ActiveCfg = Release|Win32
		{0D95FBC3-5FDA-40D1-8B8E-E57AFA27213E}.Release|x86.Build.0 = Release|Win32
		{CA4E57F3-4C5B-487F-A726-2C77E568E43F}.Debug|x64.ActiveCfg = Debug|x64
		{CA4E57F3-4C5B-487F-A726-2C77E568E43F}.Debug|x64.Build.0 = Debug|x64
		{CA4E57F3-4C5B-487F-A726-2C77E568E43F}.Debug|x86.ActiveCfg = Debug|Win32
		{CA4E57F3-4C5B-487F-A726-2C77E568E43F}.Debug|x86.Build.0 = Debug|Win32
		{CA4E57F3-4C5B-487F-A726-2C77E568E43F}.Release|x64.ActiveCfg = Release|x64
		{CA4E57F3-4C5B-487F-A726-2C77E568E43F}.Release|x64.Build.0 = Release|x64
		{CA4E57F3-4C5B-487F-A726-2C77E568E43F}.Release|x86.ActiveCfg = Release|Win32
		{CA4E57F3-4C5B-487F-A726-2C77E568E43F}.Release|x86.Build.0 = Release|Win32
		{042652C3-9C48-4FF5-9DD2-694F10D37C61}.Debug|x64.ActiveCfg = Debug|x64
		{042652C3-9C48-4FF5-9DD2-694F10D37C61}.Debug|x64.Build.0 = Debug|x64
		{042652C3-9C48-4FF5-9DD2-694F10D37C61}.Debug|x86.ActiveCfg = Debug|Win32
		{042652C3-9C48-4FF5-9DD2-694F10D37C61}.Debug|x86.Build.0 = Debug|Win32
		{042652C3-9C48-4FF5-9DD2-694F10D37C61}.Release|x64.ActiveCfg = Release|x64
		{042652C3-9C48-4FF5-9DD2-694F10D37C61}.Release|x64.Build.0 = Release|x64
		{042652C3-9C48-4FF5-9DD2-694F10D37C61}.Release|x86.ActiveCfg = Release|Win32
		{042652C3-9C48-4FF5-9DD2-694F10D37C61}.Release|x86.Build.0 = Release|Win32
		{23C372BC-45A2-4165-AFAD-3DC3270F51DA}.Debug|x64.ActiveCfg = Debug|x64
		{23C372BC-45A2-4165-AFAD-3DC3270F51DA}.Debug|x64.Build.0 = Debug|x64
		{23C372BC-45A2-4165-AFAD-3DC3270F51DA}.Debug|x86.ActiveCfg = Debug|Win32
		{23C372BC-45A2-4165-AFAD-3DC3270F51DA}.Debug|x86.Build.0 = Debug|Win32
		{23C372BC-45A2-4165-AFAD-3DC3270F51DA}.Release|x64.ActiveCfg = Release|x64
		{23C372BC-45A2-4165-AFAD-3DC3270F51DA}.Release|x64.Build.0 = Release|x64
		{23C372BC-45A2-4165-AFAD-3DC3270F51DA}.Release|x86.ActiveCfg = Release|Win32
		{23C372BC-45A2-4165-AFAD-3DC3270F51DA}.Release|x86.Build.0 = Release|Win32
		{DDC9EC63-C396-4859-B3F3-AFA78104D0D5}.Debug|x64.ActiveCfg = Debug|x64
		{DDC9EC63-C396-4859-B3F3-AFA78104D0D5}.Debug|x64.Build.0 = Debug|x64
		{DDC9EC63-C396-4859-B3F3-AFA78104D0D5}.Debug|x86.ActiveCfg = Debug|Win32
		{DDC9EC63-C396-4859-B3F3-AFA78104D0D5}.Debug|x86.Build.0 = Debug|Win32
		{DDC9EC63-C396-4859-B3F3-AFA78104D0D5}.Release|x64.ActiveCfg = Release|x64
		{DDC9EC63-C396-4859-B3F3-AFA78104D0D5}.Release|x64.Build.0 = Release|x64
		{DDC9EC63-C396-4859-B3F3-AFA78104D0D5}.Release|x86.ActiveCfg = Release|Win32
		{DDC9EC63-C396-4859-B3F3-AFA78104D0D5}.Release|x86.Build.0 = Release|Win32
		{825B17E8-3FD9-4430-9EBF-1F3D0FE1865E}.Debug|x64.ActiveCfg = Debug|x64
		{825B17E8-3FD9-4430-9EBF-1F3D0FE1865E}.Debug|x64.Build.0 = Debug|x64
		{825B17E8-3FD9-4430-9EBF-1F3D0FE1865E}.Debug|x86.ActiveCfg = Debug|Win32
		{825B17E8-3FD9-4430-9EBF-1F3D0FE1865E}.Debug|x86.Build.0 = Debug|Win32
		{825B17E8-3FD9-4430-9EBF-1F3D0FE1865E}.Release|x64.ActiveCfg = Release|x64
		{825B17E8-3FD9-4430-9EBF-1F3D0FE1865E}.Release|x64.Build.0 = Release|x64
		{825B17E8-3FD9-4430-9EBF-1F3D0FE1865E}.Release|x86.ActiveCfg = Release|Win32
		{825B17E8-3FD9-4430-9EBF-1F3D0FE1865E}.Release|x86.Build.0 = Release|Win32
		{5366E04F-09BE-423F-A05F-E0E767AC5660}.Debug|x64.ActiveCfg = Debug|x64
		{5366E04F-09BE-423F-A05F-E0E767AC5660}.Debug|x64.Build.0 = Debug|x64
		{5366E04F-09BE-423F-A05F-E0E767AC5660}.Debug|x86.ActiveCfg = Debug|Win32
		{5366E04F-09BE-423F-A05F-E0E767AC5660}.Debug|x86.Build.0 = Debug|Win32
		{5366E04F-09BE-423F-A05F-E0E767AC5660}.Release|x64.ActiveCfg = Release|x64
		{5366E04F-09BE-423F-A05F-E0E767AC5660}.Release|x64.Build.0 = Release|x64
		{5366E04F-09BE-423F-A05F-E0E767AC5660}.Release|x86.ActiveCfg = Release|Win32
		{5366E04F-09BE-423F-A05F-E0E767AC5660}.Release|x86.Build.0 = Release|Win32
		{95D11036-D3E9-4AAA-ADD9-A14C4E2828E1}.Debug|x64.ActiveCfg = Debug|x64
		{95D11036-D3E9-4AAA-ADD9-A14C4E2828E1}.Debug|x64.Build.0 = Debug|x64
		{95D11036-D3E9-4AAA-ADD9-A14C4E2828E1}.Debug|x86.ActiveCfg = Debug|Win32
		{95D11036-D3E9-4AAA-ADD9-A14C4E2828E1}.Debug|x86.Build.0 = Debug|Win32
		{95D11036-D3E9-4AAA-ADD9-A14C4E2828E1}.Release|x64.ActiveCfg = Release|x64
		{95D11036-D3E9-4AAA-ADD9-A14C4E2828E1}.Release|x64.Build.0 = Release|x64
		{95D11036-D3E9-4AAA-ADD9-A14C4E2828E1}.Release|x86.ActiveCfg = Release|Win32
		{95D11036-D3E9-4AAA-ADD9-A14C4E2828E1}.Release|x86.Build.0 = Release|Win32
	EndGlobalSection
	GlobalSection(SolutionProperties) = preSolution
		HideSolutionNode = FALSE
	EndGlobalSection
	GlobalSection(ExtensibilityGlobals) = postSolution
		SolutionGuid = {D458D4B2-8499-4CA2-BD7C-8E8F7B368D6D}
	EndGlobalSection
EndGlobal
