<?xml version="1.0" encoding="utf-8"?>
<Project ToolsVersion="4.0" xmlns="http://schemas.microsoft.com/developer/msbuild/2003">
  <ItemGroup>
    <Filter Include="리소스 파일">
      <UniqueIdentifier>{67DA6AB6-F800-4c08-8B7A-83BB121AAD01}</UniqueIdentifier>
      <Extensions>rc;ico;cur;bmp;dlg;rc2;rct;bin;rgs;gif;jpg;jpeg;jpe;resx;tiff;tif;png;wav;mfcribbon-ms</Extensions>
    </Filter>
  </ItemGroup>
  <ItemGroup>
    <ClInclude Include="pch.h" />
    <ClInclude Include="PACKET_HEADER.h" />
    <ClInclude Include="_Packet.h" />
    <ClInclude Include="REQ_CONNECT.h" />
    <ClInclude Include="RES_ACCEPT.h" />
    <ClInclude Include="RES_WAIT.h" />
    <ClInclude Include="REQ_MESSAGEINPUT.h" />
    <ClInclude Include="RES_CHATDATA.h" />
    <ClInclude Include="REQ_DISCONNECT.h" />
    <ClInclude Include="BROADCAST_DISCONNECT.h" />
    <ClInclude Include="BROADCAST_MESSAGE.h" />
  </ItemGroup>
  <ItemGroup>
    <ClCompile Include="PACKET_HEADER.cpp" />
    <ClCompile Include="REQ_CONNECT.cpp" />
    <ClCompile Include="RES_ACCEPT.cpp" />
    <ClCompile Include="RES_WAIT.cpp" />
    <ClCompile Include="REQ_MESSAGEINPUT.cpp" />
    <ClCompile Include="RES_CHATDATA.cpp" />
    <ClCompile Include="REQ_DISCONNECT.cpp" />
    <ClCompile Include="BROADCAST_DISCONNECT.cpp" />
    <ClCompile Include="BROADCAST_MESSAGE.cpp" />
  </ItemGroup>
</Project>